
Microsoft Visual Studio Solution File, Format Version 12.00
# Visual Studio Version 17
VisualStudioVersion = 17.6.33723.286
MinimumVisualStudioVersion = 10.0.40219.1
Project("{FAE04EC0-301F-11D3-BF4B-00C04F79EFBC}") = "ConnectionPracticeInADO.Net", "ConnectionPracticeInADO.Net.csproj", "{A412189A-D775-46FD-AE2B-E94AD89F4AD0}"
EndProject
Global
	GlobalSection(SolutionConfigurationPlatforms) = preSolution
		Debug|Any CPU = Debug|Any CPU
		Release|Any CPU = Release|Any CPU
	EndGlobalSection
	GlobalSection(ProjectConfigurationPlatforms) = postSolution
		{A412189A-D775-46FD-AE2B-E94AD89F4AD0}.Debug|Any CPU.ActiveCfg = Debug|Any CPU
		{A412189A-D775-46FD-AE2B-E94AD89F4AD0}.Debug|Any CPU.Build.0 = Debug|Any CPU
		{A412189A-D775-46FD-AE2B-E94AD89F4AD0}.Release|Any CPU.ActiveCfg = Release|Any CPU
		{A412189A-D775-46FD-AE2B-E94AD89F4AD0}.Release|Any CPU.Build.0 = Release|Any CPU
	EndGlobalSection
	GlobalSection(SolutionProperties) = preSolution
		HideSolutionNode = FALSE
	EndGlobalSection
	GlobalSection(ExtensibilityGlobals) = postSolution
		SolutionGuid = {01A19E39-6346-488E-A6D6-1454D4A0E9F6}
	EndGlobalSection
EndGlobal
